
Microsoft Visual Studio Solution File, Format Version 12.00
# Visual Studio Version 16
VisualStudioVersion = 16.0.29102.190
MinimumVisualStudioVersion = 10.0.40219.1
Project("{FAE04EC0-301F-11D3-BF4B-00C04F79EFBC}") = "kalkulatorrr", "kalkulatorrr\kalkulatorrr.csproj", "{BE0415F8-9038-4AD2-A932-BA544B15D4FF}"
EndProject
Global
	GlobalSection(SolutionConfigurationPlatforms) = preSolution
		Debug|Any CPU = Debug|Any CPU
		Release|Any CPU = Release|Any CPU
	EndGlobalSection
	GlobalSection(ProjectConfigurationPlatforms) = postSolution
		{BE0415F8-9038-4AD2-A932-BA544B15D4FF}.Debug|Any CPU.ActiveCfg = Debug|Any CPU
		{BE0415F8-9038-4AD2-A932-BA544B15D4FF}.Debug|Any CPU.Build.0 = Debug|Any CPU
		{BE0415F8-9038-4AD2-A932-BA544B15D4FF}.Release|Any CPU.ActiveCfg = Release|Any CPU
		{BE0415F8-9038-4AD2-A932-BA544B15D4FF}.Release|Any CPU.Build.0 = Release|Any CPU
	EndGlobalSection
	GlobalSection(SolutionProperties) = preSolution
		HideSolutionNode = FALSE
	EndGlobalSection
	GlobalSection(ExtensibilityGlobals) = postSolution
		SolutionGuid = {78163670-E241-4F3E-91E6-026D42239274}
	EndGlobalSection
EndGlobal
